// !$*UTF8*$!
{
	archiveVersion = 1;
	classes = {
	};
	objectVersion = 55;
	objects = {

/* Begin PBXBuildFile section */
		6A1A04F1274C012F009CED99 /* ModalEditCanvas.swift in Sources */ = {isa = PBXBuildFile; fileRef = 6A1A04F0274C012F009CED99 /* ModalEditCanvas.swift */; };
		6A3538D627455FB300DC61A2 /* Goals.swift in Sources */ = {isa = PBXBuildFile; fileRef = 6A3538D527455FB300DC61A2 /* Goals.swift */; };
		6A3538D82745673000DC61A2 /* GoalCard.swift in Sources */ = {isa = PBXBuildFile; fileRef = 6A3538D72745673000DC61A2 /* GoalCard.swift */; };
		6A6ED8DF274BDFCC0064520D /* CanvasCard.swift in Sources */ = {isa = PBXBuildFile; fileRef = 6A6ED8DE274BDFCC0064520D /* CanvasCard.swift */; };
		6A9BC58227469CBB008FE217 /* ModalViewGoal.swift in Sources */ = {isa = PBXBuildFile; fileRef = 6A9BC58127469CBB008FE217 /* ModalViewGoal.swift */; };
		6AA235B527440CD800E931CF /* Bullet_V1App.swift in Sources */ = {isa = PBXBuildFile; fileRef = 6AA235B427440CD800E931CF /* Bullet_V1App.swift */; };
		6AA235B927440CD800E931CF /* Assets.xcassets in Resources */ = {isa = PBXBuildFile; fileRef = 6AA235B827440CD800E931CF /* Assets.xcassets */; };
		6AA235BC27440CD800E931CF /* Preview Assets.xcassets in Resources */ = {isa = PBXBuildFile; fileRef = 6AA235BB27440CD800E931CF /* Preview Assets.xcassets */; };
		6AA235C627440CD900E931CF /* Bullet_V1Tests.swift in Sources */ = {isa = PBXBuildFile; fileRef = 6AA235C527440CD900E931CF /* Bullet_V1Tests.swift */; };
		6AA235D027440CD900E931CF /* Bullet_V1UITests.swift in Sources */ = {isa = PBXBuildFile; fileRef = 6AA235CF27440CD900E931CF /* Bullet_V1UITests.swift */; };
		6AA235D227440CD900E931CF /* Bullet_V1UITestsLaunchTests.swift in Sources */ = {isa = PBXBuildFile; fileRef = 6AA235D127440CD900E931CF /* Bullet_V1UITestsLaunchTests.swift */; };
		6AA235DF27440D2600E931CF /* Canvas.swift in Sources */ = {isa = PBXBuildFile; fileRef = 6AA235DE27440D2600E931CF /* Canvas.swift */; };
		6AA235E127440D7300E931CF /* GoalClass.swift in Sources */ = {isa = PBXBuildFile; fileRef = 6AA235E027440D7300E931CF /* GoalClass.swift */; };
		6AA235E327440D9A00E931CF /* GoalCardBig.swift in Sources */ = {isa = PBXBuildFile; fileRef = 6AA235E227440D9A00E931CF /* GoalCardBig.swift */; };
		6AA235E527440DAF00E931CF /* OnBoarding.swift in Sources */ = {isa = PBXBuildFile; fileRef = 6AA235E427440DAF00E931CF /* OnBoarding.swift */; };
		6AA235E727440DD500E931CF /* Rewards.swift in Sources */ = {isa = PBXBuildFile; fileRef = 6AA235E627440DD500E931CF /* Rewards.swift */; };
		6AA235E927440DE300E931CF /* TabBar.swift in Sources */ = {isa = PBXBuildFile; fileRef = 6AA235E827440DE300E931CF /* TabBar.swift */; };
		6AACB133274C2AF000ED93CC /* Line.swift in Sources */ = {isa = PBXBuildFile; fileRef = 6AACB132274C2AF000ED93CC /* Line.swift */; };
		6AACB135274C2B4C00ED93CC /* DrawingView.swift in Sources */ = {isa = PBXBuildFile; fileRef = 6AACB134274C2B4C00ED93CC /* DrawingView.swift */; };
		6AACB137274C2E1400ED93CC /* DrawingEngine.swift in Sources */ = {isa = PBXBuildFile; fileRef = 6AACB136274C2E1400ED93CC /* DrawingEngine.swift */; };
		6AACB139274C2E2E00ED93CC /* DrawingShapes.swift in Sources */ = {isa = PBXBuildFile; fileRef = 6AACB138274C2E2E00ED93CC /* DrawingShapes.swift */; };
		6AB9811F2744165900C1ECF2 /* StudyClass.swift in Sources */ = {isa = PBXBuildFile; fileRef = 6AB9811E2744165900C1ECF2 /* StudyClass.swift */; };
		AA46520B2748FB2B00AABF25 /* Data.swift in Sources */ = {isa = PBXBuildFile; fileRef = AA46520A2748FB2B00AABF25 /* Data.swift */; };
		AA5491C62747902900EC099C /* ModalViewEdit.swift in Sources */ = {isa = PBXBuildFile; fileRef = AA5491C52747902800EC099C /* ModalViewEdit.swift */; };
		AA8FC30D27468293005A0A09 /* CircularProgressBar.swift in Sources */ = {isa = PBXBuildFile; fileRef = AA8FC30C27468293005A0A09 /* CircularProgressBar.swift */; };
		AAD2F065274654CE00E60D8C /* RewardsRow.swift in Sources */ = {isa = PBXBuildFile; fileRef = AAD2F064274654CE00E60D8C /* RewardsRow.swift */; };
/* End PBXBuildFile section */

/* Begin PBXContainerItemProxy section */
		6AA235C227440CD900E931CF /* PBXContainerItemProxy */ = {
			isa = PBXContainerItemProxy;
			containerPortal = 6AA235A927440CD800E931CF /* Project object */;
			proxyType = 1;
			remoteGlobalIDString = 6AA235B027440CD800E931CF;
			remoteInfo = Bullet_V1;
		};
		6AA235CC27440CD900E931CF /* PBXContainerItemProxy */ = {
			isa = PBXContainerItemProxy;
			containerPortal = 6AA235A927440CD800E931CF /* Project object */;
			proxyType = 1;
			remoteGlobalIDString = 6AA235B027440CD800E931CF;
			remoteInfo = Bullet_V1;
		};
/* End PBXContainerItemProxy section */

/* Begin PBXFileReference section */
		6A1A04F0274C012F009CED99 /* ModalEditCanvas.swift */ = {isa = PBXFileReference; lastKnownFileType = sourcecode.swift; name = ModalEditCanvas.swift; path = Bullet_V1/ModalEditCanvas.swift; sourceTree = SOURCE_ROOT; };
		6A3538D527455FB300DC61A2 /* Goals.swift */ = {isa = PBXFileReference; lastKnownFileType = sourcecode.swift; path = Goals.swift; sourceTree = "<group>"; };
		6A3538D72745673000DC61A2 /* GoalCard.swift */ = {isa = PBXFileReference; lastKnownFileType = sourcecode.swift; path = GoalCard.swift; sourceTree = "<group>"; };
		6A6ED8DE274BDFCC0064520D /* CanvasCard.swift */ = {isa = PBXFileReference; lastKnownFileType = sourcecode.swift; name = CanvasCard.swift; path = Bullet_V1/Views/CanvasCard.swift; sourceTree = SOURCE_ROOT; };
		6A9BC58127469CBB008FE217 /* ModalViewGoal.swift */ = {isa = PBXFileReference; lastKnownFileType = sourcecode.swift; path = ModalViewGoal.swift; sourceTree = "<group>"; };
		6AA235B127440CD800E931CF /* Bullet_V1.app */ = {isa = PBXFileReference; explicitFileType = wrapper.application; includeInIndex = 0; path = Bullet_V1.app; sourceTree = BUILT_PRODUCTS_DIR; };
		6AA235B427440CD800E931CF /* Bullet_V1App.swift */ = {isa = PBXFileReference; lastKnownFileType = sourcecode.swift; path = Bullet_V1App.swift; sourceTree = "<group>"; };
		6AA235B827440CD800E931CF /* Assets.xcassets */ = {isa = PBXFileReference; lastKnownFileType = folder.assetcatalog; path = Assets.xcassets; sourceTree = "<group>"; };
		6AA235BB27440CD800E931CF /* Preview Assets.xcassets */ = {isa = PBXFileReference; lastKnownFileType = folder.assetcatalog; path = "Preview Assets.xcassets"; sourceTree = "<group>"; };
		6AA235C127440CD900E931CF /* Bullet_V1Tests.xctest */ = {isa = PBXFileReference; explicitFileType = wrapper.cfbundle; includeInIndex = 0; path = Bullet_V1Tests.xctest; sourceTree = BUILT_PRODUCTS_DIR; };
		6AA235C527440CD900E931CF /* Bullet_V1Tests.swift */ = {isa = PBXFileReference; lastKnownFileType = sourcecode.swift; path = Bullet_V1Tests.swift; sourceTree = "<group>"; };
		6AA235CB27440CD900E931CF /* Bullet_V1UITests.xctest */ = {isa = PBXFileReference; explicitFileType = wrapper.cfbundle; includeInIndex = 0; path = Bullet_V1UITests.xctest; sourceTree = BUILT_PRODUCTS_DIR; };
		6AA235CF27440CD900E931CF /* Bullet_V1UITests.swift */ = {isa = PBXFileReference; lastKnownFileType = sourcecode.swift; path = Bullet_V1UITests.swift; sourceTree = "<group>"; };
		6AA235D127440CD900E931CF /* Bullet_V1UITestsLaunchTests.swift */ = {isa = PBXFileReference; lastKnownFileType = sourcecode.swift; path = Bullet_V1UITestsLaunchTests.swift; sourceTree = "<group>"; };
		6AA235DE27440D2600E931CF /* Canvas.swift */ = {isa = PBXFileReference; lastKnownFileType = sourcecode.swift; path = Canvas.swift; sourceTree = "<group>"; };
		6AA235E027440D7300E931CF /* GoalClass.swift */ = {isa = PBXFileReference; lastKnownFileType = sourcecode.swift; path = GoalClass.swift; sourceTree = "<group>"; };
		6AA235E227440D9A00E931CF /* GoalCardBig.swift */ = {isa = PBXFileReference; lastKnownFileType = sourcecode.swift; path = GoalCardBig.swift; sourceTree = "<group>"; };
		6AA235E427440DAF00E931CF /* OnBoarding.swift */ = {isa = PBXFileReference; lastKnownFileType = sourcecode.swift; path = OnBoarding.swift; sourceTree = "<group>"; };
		6AA235E627440DD500E931CF /* Rewards.swift */ = {isa = PBXFileReference; lastKnownFileType = sourcecode.swift; path = Rewards.swift; sourceTree = "<group>"; };
		6AA235E827440DE300E931CF /* TabBar.swift */ = {isa = PBXFileReference; lastKnownFileType = sourcecode.swift; path = TabBar.swift; sourceTree = "<group>"; };
		6AACB132274C2AF000ED93CC /* Line.swift */ = {isa = PBXFileReference; lastKnownFileType = sourcecode.swift; path = Line.swift; sourceTree = "<group>"; };
		6AACB134274C2B4C00ED93CC /* DrawingView.swift */ = {isa = PBXFileReference; lastKnownFileType = sourcecode.swift; path = DrawingView.swift; sourceTree = "<group>"; };
		6AACB136274C2E1400ED93CC /* DrawingEngine.swift */ = {isa = PBXFileReference; lastKnownFileType = sourcecode.swift; path = DrawingEngine.swift; sourceTree = "<group>"; };
		6AACB138274C2E2E00ED93CC /* DrawingShapes.swift */ = {isa = PBXFileReference; lastKnownFileType = sourcecode.swift; path = DrawingShapes.swift; sourceTree = "<group>"; };
		6AB9811E2744165900C1ECF2 /* StudyClass.swift */ = {isa = PBXFileReference; lastKnownFileType = sourcecode.swift; path = StudyClass.swift; sourceTree = "<group>"; };
		AA46520A2748FB2B00AABF25 /* Data.swift */ = {isa = PBXFileReference; lastKnownFileType = sourcecode.swift; path = Data.swift; sourceTree = "<group>"; };
		AA5491C52747902800EC099C /* ModalViewEdit.swift */ = {isa = PBXFileReference; lastKnownFileType = sourcecode.swift; path = ModalViewEdit.swift; sourceTree = "<group>"; };
		AA8FC30C27468293005A0A09 /* CircularProgressBar.swift */ = {isa = PBXFileReference; lastKnownFileType = sourcecode.swift; path = CircularProgressBar.swift; sourceTree = "<group>"; };
		AAD2F064274654CE00E60D8C /* RewardsRow.swift */ = {isa = PBXFileReference; lastKnownFileType = sourcecode.swift; path = RewardsRow.swift; sourceTree = "<group>"; };
/* End PBXFileReference section */

/* Begin PBXFrameworksBuildPhase section */
		6AA235AE27440CD800E931CF /* Frameworks */ = {
			isa = PBXFrameworksBuildPhase;
			buildActionMask = 2147483647;
			files = (
			);
			runOnlyForDeploymentPostprocessing = 0;
		};
		6AA235BE27440CD900E931CF /* Frameworks */ = {
			isa = PBXFrameworksBuildPhase;
			buildActionMask = 2147483647;
			files = (
			);
			runOnlyForDeploymentPostprocessing = 0;
		};
		6AA235C827440CD900E931CF /* Frameworks */ = {
			isa = PBXFrameworksBuildPhase;
			buildActionMask = 2147483647;
			files = (
			);
			runOnlyForDeploymentPostprocessing = 0;
		};
/* End PBXFrameworksBuildPhase section */

/* Begin PBXGroup section */
		6AA235A827440CD800E931CF = {
			isa = PBXGroup;
			children = (
				6AA235B327440CD800E931CF /* Bullet_V1 */,
				6AA235C427440CD900E931CF /* Bullet_V1Tests */,
				6AA235CE27440CD900E931CF /* Bullet_V1UITests */,
				6AA235B227440CD800E931CF /* Products */,
			);
			sourceTree = "<group>";
		};
		6AA235B227440CD800E931CF /* Products */ = {
			isa = PBXGroup;
			children = (
				6AA235B127440CD800E931CF /* Bullet_V1.app */,
				6AA235C127440CD900E931CF /* Bullet_V1Tests.xctest */,
				6AA235CB27440CD900E931CF /* Bullet_V1UITests.xctest */,
			);
			name = Products;
			sourceTree = "<group>";
		};
		6AA235B327440CD800E931CF /* Bullet_V1 */ = {
			isa = PBXGroup;
			children = (
				AA2C01BC2745665800EBE010 /* Views */,
				AA2C01BB2745663B00EBE010 /* Model */,
				6AA235B427440CD800E931CF /* Bullet_V1App.swift */,
				6AA235B827440CD800E931CF /* Assets.xcassets */,
				6AA235BA27440CD800E931CF /* Preview Content */,
			);
			path = Bullet_V1;
			sourceTree = "<group>";
		};
		6AA235BA27440CD800E931CF /* Preview Content */ = {
			isa = PBXGroup;
			children = (
				6AA235BB27440CD800E931CF /* Preview Assets.xcassets */,
			);
			path = "Preview Content";
			sourceTree = "<group>";
		};
		6AA235C427440CD900E931CF /* Bullet_V1Tests */ = {
			isa = PBXGroup;
			children = (
				6AA235C527440CD900E931CF /* Bullet_V1Tests.swift */,
			);
			path = Bullet_V1Tests;
			sourceTree = "<group>";
		};
		6AA235CE27440CD900E931CF /* Bullet_V1UITests */ = {
			isa = PBXGroup;
			children = (
				6AA235CF27440CD900E931CF /* Bullet_V1UITests.swift */,
				6AA235D127440CD900E931CF /* Bullet_V1UITestsLaunchTests.swift */,
			);
			path = Bullet_V1UITests;
			sourceTree = "<group>";
		};
		6AACB131274C2AE100ED93CC /* testCanvas */ = {
			isa = PBXGroup;
			children = (
				6AACB132274C2AF000ED93CC /* Line.swift */,
				6AACB134274C2B4C00ED93CC /* DrawingView.swift */,
				6AACB136274C2E1400ED93CC /* DrawingEngine.swift */,
				6AACB138274C2E2E00ED93CC /* DrawingShapes.swift */,
			);
			path = testCanvas;
			sourceTree = "<group>";
		};
		AA2C01BB2745663B00EBE010 /* Model */ = {
			isa = PBXGroup;
			children = (
				6AA235E027440D7300E931CF /* GoalClass.swift */,
				6AB9811E2744165900C1ECF2 /* StudyClass.swift */,
				AA46520A2748FB2B00AABF25 /* Data.swift */,
			);
			path = Model;
			sourceTree = "<group>";
		};
		AA2C01BC2745665800EBE010 /* Views */ = {
			isa = PBXGroup;
			children = (
				6AA235E827440DE300E931CF /* TabBar.swift */,
				6AA235E427440DAF00E931CF /* OnBoarding.swift */,
				AA4652062747CE9C00AABF25 /* Tabs */,
			);
			path = Views;
			sourceTree = "<group>";
		};
		AA4652062747CE9C00AABF25 /* Tabs */ = {
			isa = PBXGroup;
			children = (
				AA4652092748F6B900AABF25 /* Canvas */,
				AA4652082748F6AB00AABF25 /* Rewards */,
				AA4652072748F6A000AABF25 /* Goals */,
				6A3538D527455FB300DC61A2 /* Goals.swift */,
				6AA235E627440DD500E931CF /* Rewards.swift */,
				6AA235DE27440D2600E931CF /* Canvas.swift */,
			);
			path = Tabs;
			sourceTree = "<group>";
		};
		AA4652072748F6A000AABF25 /* Goals */ = {
			isa = PBXGroup;
			children = (
				6AA235E227440D9A00E931CF /* GoalCardBig.swift */,
				6A3538D72745673000DC61A2 /* GoalCard.swift */,
				AA8FC30C27468293005A0A09 /* CircularProgressBar.swift */,
				6A9BC58127469CBB008FE217 /* ModalViewGoal.swift */,
				AA5491C52747902800EC099C /* ModalViewEdit.swift */,
			);
			path = Goals;
			sourceTree = "<group>";
		};
		AA4652082748F6AB00AABF25 /* Rewards */ = {
			isa = PBXGroup;
			children = (
				AAD2F064274654CE00E60D8C /* RewardsRow.swift */,
			);
			path = Rewards;
			sourceTree = "<group>";
		};
		AA4652092748F6B900AABF25 /* Canvas */ = {
			isa = PBXGroup;
			children = (
				6AACB131274C2AE100ED93CC /* testCanvas */,
				6A6ED8DE274BDFCC0064520D /* CanvasCard.swift */,
				6A1A04F0274C012F009CED99 /* ModalEditCanvas.swift */,
			);
			path = Canvas;
			sourceTree = "<group>";
		};
/* End PBXGroup section */

/* Begin PBXNativeTarget section */
		6AA235B027440CD800E931CF /* Bullet_V1 */ = {
			isa = PBXNativeTarget;
			buildConfigurationList = 6AA235D527440CD900E931CF /* Build configuration list for PBXNativeTarget "Bullet_V1" */;
			buildPhases = (
				6AA235AD27440CD800E931CF /* Sources */,
				6AA235AE27440CD800E931CF /* Frameworks */,
				6AA235AF27440CD800E931CF /* Resources */,
			);
			buildRules = (
			);
			dependencies = (
			);
			name = Bullet_V1;
			productName = Bullet_V1;
			productReference = 6AA235B127440CD800E931CF /* Bullet_V1.app */;
			productType = "com.apple.product-type.application";
		};
		6AA235C027440CD900E931CF /* Bullet_V1Tests */ = {
			isa = PBXNativeTarget;
			buildConfigurationList = 6AA235D827440CD900E931CF /* Build configuration list for PBXNativeTarget "Bullet_V1Tests" */;
			buildPhases = (
				6AA235BD27440CD900E931CF /* Sources */,
				6AA235BE27440CD900E931CF /* Frameworks */,
				6AA235BF27440CD900E931CF /* Resources */,
			);
			buildRules = (
			);
			dependencies = (
				6AA235C327440CD900E931CF /* PBXTargetDependency */,
			);
			name = Bullet_V1Tests;
			productName = Bullet_V1Tests;
			productReference = 6AA235C127440CD900E931CF /* Bullet_V1Tests.xctest */;
			productType = "com.apple.product-type.bundle.unit-test";
		};
		6AA235CA27440CD900E931CF /* Bullet_V1UITests */ = {
			isa = PBXNativeTarget;
			buildConfigurationList = 6AA235DB27440CD900E931CF /* Build configuration list for PBXNativeTarget "Bullet_V1UITests" */;
			buildPhases = (
				6AA235C727440CD900E931CF /* Sources */,
				6AA235C827440CD900E931CF /* Frameworks */,
				6AA235C927440CD900E931CF /* Resources */,
			);
			buildRules = (
			);
			dependencies = (
				6AA235CD27440CD900E931CF /* PBXTargetDependency */,
			);
			name = Bullet_V1UITests;
			productName = Bullet_V1UITests;
			productReference = 6AA235CB27440CD900E931CF /* Bullet_V1UITests.xctest */;
			productType = "com.apple.product-type.bundle.ui-testing";
		};
/* End PBXNativeTarget section */

/* Begin PBXProject section */
		6AA235A927440CD800E931CF /* Project object */ = {
			isa = PBXProject;
			attributes = {
				BuildIndependentTargetsInParallel = 1;
				LastSwiftUpdateCheck = 1310;
				LastUpgradeCheck = 1310;
				TargetAttributes = {
					6AA235B027440CD800E931CF = {
						CreatedOnToolsVersion = 13.1;
					};
					6AA235C027440CD900E931CF = {
						CreatedOnToolsVersion = 13.1;
						TestTargetID = 6AA235B027440CD800E931CF;
					};
					6AA235CA27440CD900E931CF = {
						CreatedOnToolsVersion = 13.1;
						TestTargetID = 6AA235B027440CD800E931CF;
					};
				};
			};
			buildConfigurationList = 6AA235AC27440CD800E931CF /* Build configuration list for PBXProject "Bullet_V1" */;
			compatibilityVersion = "Xcode 13.0";
			developmentRegion = en;
			hasScannedForEncodings = 0;
			knownRegions = (
				en,
				Base,
			);
			mainGroup = 6AA235A827440CD800E931CF;
			productRefGroup = 6AA235B227440CD800E931CF /* Products */;
			projectDirPath = "";
			projectRoot = "";
			targets = (
				6AA235B027440CD800E931CF /* Bullet_V1 */,
				6AA235C027440CD900E931CF /* Bullet_V1Tests */,
				6AA235CA27440CD900E931CF /* Bullet_V1UITests */,
			);
		};
/* End PBXProject section */

/* Begin PBXResourcesBuildPhase section */
		6AA235AF27440CD800E931CF /* Resources */ = {
			isa = PBXResourcesBuildPhase;
			buildActionMask = 2147483647;
			files = (
				6AA235BC27440CD800E931CF /* Preview Assets.xcassets in Resources */,
				6AA235B927440CD800E931CF /* Assets.xcassets in Resources */,
			);
			runOnlyForDeploymentPostprocessing = 0;
		};
		6AA235BF27440CD900E931CF /* Resources */ = {
			isa = PBXResourcesBuildPhase;
			buildActionMask = 2147483647;
			files = (
			);
			runOnlyForDeploymentPostprocessing = 0;
		};
		6AA235C927440CD900E931CF /* Resources */ = {
			isa = PBXResourcesBuildPhase;
			buildActionMask = 2147483647;
			files = (
			);
			runOnlyForDeploymentPostprocessing = 0;
		};
/* End PBXResourcesBuildPhase section */

/* Begin PBXSourcesBuildPhase section */
		6AA235AD27440CD800E931CF /* Sources */ = {
			isa = PBXSourcesBuildPhase;
			buildActionMask = 2147483647;
			files = (
				6AACB137274C2E1400ED93CC /* DrawingEngine.swift in Sources */,
				6AB9811F2744165900C1ECF2 /* StudyClass.swift in Sources */,
				6A6ED8DF274BDFCC0064520D /* CanvasCard.swift in Sources */,
				AA46520B2748FB2B00AABF25 /* Data.swift in Sources */,
				AA8FC30D27468293005A0A09 /* CircularProgressBar.swift in Sources */,
				6A3538D627455FB300DC61A2 /* Goals.swift in Sources */,
				6AA235B527440CD800E931CF /* Bullet_V1App.swift in Sources */,
				6A9BC58227469CBB008FE217 /* ModalViewGoal.swift in Sources */,
				6AA235DF27440D2600E931CF /* Canvas.swift in Sources */,
				6A3538D82745673000DC61A2 /* GoalCard.swift in Sources */,
				6AACB135274C2B4C00ED93CC /* DrawingView.swift in Sources */,
				6AA235E927440DE300E931CF /* TabBar.swift in Sources */,
				6A1A04F1274C012F009CED99 /* ModalEditCanvas.swift in Sources */,
				6AACB133274C2AF000ED93CC /* Line.swift in Sources */,
				AAD2F065274654CE00E60D8C /* RewardsRow.swift in Sources */,
				6AA235E327440D9A00E931CF /* GoalCardBig.swift in Sources */,
				AA5491C62747902900EC099C /* ModalViewEdit.swift in Sources */,
				6AA235E527440DAF00E931CF /* OnBoarding.swift in Sources */,
				6AACB139274C2E2E00ED93CC /* DrawingShapes.swift in Sources */,
				6AA235E127440D7300E931CF /* GoalClass.swift in Sources */,
				6AA235E727440DD500E931CF /* Rewards.swift in Sources */,
			);
			runOnlyForDeploymentPostprocessing = 0;
		};
		6AA235BD27440CD900E931CF /* Sources */ = {
			isa = PBXSourcesBuildPhase;
			buildActionMask = 2147483647;
			files = (
				6AA235C627440CD900E931CF /* Bullet_V1Tests.swift in Sources */,
			);
			runOnlyForDeploymentPostprocessing = 0;
		};
		6AA235C727440CD900E931CF /* Sources */ = {
			isa = PBXSourcesBuildPhase;
			buildActionMask = 2147483647;
			files = (
				6AA235D027440CD900E931CF /* Bullet_V1UITests.swift in Sources */,
				6AA235D227440CD900E931CF /* Bullet_V1UITestsLaunchTests.swift in Sources */,
			);
			runOnlyForDeploymentPostprocessing = 0;
		};
/* End PBXSourcesBuildPhase section */

/* Begin PBXTargetDependency section */
		6AA235C327440CD900E931CF /* PBXTargetDependency */ = {
			isa = PBXTargetDependency;
			target = 6AA235B027440CD800E931CF /* Bullet_V1 */;
			targetProxy = 6AA235C227440CD900E931CF /* PBXContainerItemProxy */;
		};
		6AA235CD27440CD900E931CF /* PBXTargetDependency */ = {
			isa = PBXTargetDependency;
			target = 6AA235B027440CD800E931CF /* Bullet_V1 */;
			targetProxy = 6AA235CC27440CD900E931CF /* PBXContainerItemProxy */;
		};
/* End PBXTargetDependency section */

/* Begin XCBuildConfiguration section */
		6AA235D327440CD900E931CF /* Debug */ = {
			isa = XCBuildConfiguration;
			buildSettings = {
				ALWAYS_SEARCH_USER_PATHS = NO;
				CLANG_ANALYZER_NONNULL = YES;
				CLANG_ANALYZER_NUMBER_OBJECT_CONVERSION = YES_AGGRESSIVE;
				CLANG_CXX_LANGUAGE_STANDARD = "gnu++17";
				CLANG_CXX_LIBRARY = "libc++";
				CLANG_ENABLE_MODULES = YES;
				CLANG_ENABLE_OBJC_ARC = YES;
				CLANG_ENABLE_OBJC_WEAK = YES;
				CLANG_WARN_BLOCK_CAPTURE_AUTORELEASING = YES;
				CLANG_WARN_BOOL_CONVERSION = YES;
				CLANG_WARN_COMMA = YES;
				CLANG_WARN_CONSTANT_CONVERSION = YES;
				CLANG_WARN_DEPRECATED_OBJC_IMPLEMENTATIONS = YES;
				CLANG_WARN_DIRECT_OBJC_ISA_USAGE = YES_ERROR;
				CLANG_WARN_DOCUMENTATION_COMMENTS = YES;
				CLANG_WARN_EMPTY_BODY = YES;
				CLANG_WARN_ENUM_CONVERSION = YES;
				CLANG_WARN_INFINITE_RECURSION = YES;
				CLANG_WARN_INT_CONVERSION = YES;
				CLANG_WARN_NON_LITERAL_NULL_CONVERSION = YES;
				CLANG_WARN_OBJC_IMPLICIT_RETAIN_SELF = YES;
				CLANG_WARN_OBJC_LITERAL_CONVERSION = YES;
				CLANG_WARN_OBJC_ROOT_CLASS = YES_ERROR;
				CLANG_WARN_QUOTED_INCLUDE_IN_FRAMEWORK_HEADER = YES;
				CLANG_WARN_RANGE_LOOP_ANALYSIS = YES;
				CLANG_WARN_STRICT_PROTOTYPES = YES;
				CLANG_WARN_SUSPICIOUS_MOVE = YES;
				CLANG_WARN_UNGUARDED_AVAILABILITY = YES_AGGRESSIVE;
				CLANG_WARN_UNREACHABLE_CODE = YES;
				CLANG_WARN__DUPLICATE_METHOD_MATCH = YES;
				COPY_PHASE_STRIP = NO;
				DEBUG_INFORMATION_FORMAT = dwarf;
				ENABLE_STRICT_OBJC_MSGSEND = YES;
				ENABLE_TESTABILITY = YES;
				GCC_C_LANGUAGE_STANDARD = gnu11;
				GCC_DYNAMIC_NO_PIC = NO;
				GCC_NO_COMMON_BLOCKS = YES;
				GCC_OPTIMIZATION_LEVEL = 0;
				GCC_PREPROCESSOR_DEFINITIONS = (
					"DEBUG=1",
					"$(inherited)",
				);
				GCC_WARN_64_TO_32_BIT_CONVERSION = YES;
				GCC_WARN_ABOUT_RETURN_TYPE = YES_ERROR;
				GCC_WARN_UNDECLARED_SELECTOR = YES;
				GCC_WARN_UNINITIALIZED_AUTOS = YES_AGGRESSIVE;
				GCC_WARN_UNUSED_FUNCTION = YES;
				GCC_WARN_UNUSED_VARIABLE = YES;
				IPHONEOS_DEPLOYMENT_TARGET = 15.0;
				MTL_ENABLE_DEBUG_INFO = INCLUDE_SOURCE;
				MTL_FAST_MATH = YES;
				ONLY_ACTIVE_ARCH = YES;
				SDKROOT = iphoneos;
				SWIFT_ACTIVE_COMPILATION_CONDITIONS = DEBUG;
				SWIFT_OPTIMIZATION_LEVEL = "-Onone";
			};
			name = Debug;
		};
		6AA235D427440CD900E931CF /* Release */ = {
			isa = XCBuildConfiguration;
			buildSettings = {
				ALWAYS_SEARCH_USER_PATHS = NO;
				CLANG_ANALYZER_NONNULL = YES;
				CLANG_ANALYZER_NUMBER_OBJECT_CONVERSION = YES_AGGRESSIVE;
				CLANG_CXX_LANGUAGE_STANDARD = "gnu++17";
				CLANG_CXX_LIBRARY = "libc++";
				CLANG_ENABLE_MODULES = YES;
				CLANG_ENABLE_OBJC_ARC = YES;
				CLANG_ENABLE_OBJC_WEAK = YES;
				CLANG_WARN_BLOCK_CAPTURE_AUTORELEASING = YES;
				CLANG_WARN_BOOL_CONVERSION = YES;
				CLANG_WARN_COMMA = YES;
				CLANG_WARN_CONSTANT_CONVERSION = YES;
				CLANG_WARN_DEPRECATED_OBJC_IMPLEMENTATIONS = YES;
				CLANG_WARN_DIRECT_OBJC_ISA_USAGE = YES_ERROR;
				CLANG_WARN_DOCUMENTATION_COMMENTS = YES;
				CLANG_WARN_EMPTY_BODY = YES;
				CLANG_WARN_ENUM_CONVERSION = YES;
				CLANG_WARN_INFINITE_RECURSION = YES;
				CLANG_WARN_INT_CONVERSION = YES;
				CLANG_WARN_NON_LITERAL_NULL_CONVERSION = YES;
				CLANG_WARN_OBJC_IMPLICIT_RETAIN_SELF = YES;
				CLANG_WARN_OBJC_LITERAL_CONVERSION = YES;
				CLANG_WARN_OBJC_ROOT_CLASS = YES_ERROR;
				CLANG_WARN_QUOTED_INCLUDE_IN_FRAMEWORK_HEADER = YES;
				CLANG_WARN_RANGE_LOOP_ANALYSIS = YES;
				CLANG_WARN_STRICT_PROTOTYPES = YES;
				CLANG_WARN_SUSPICIOUS_MOVE = YES;
				CLANG_WARN_UNGUARDED_AVAILABILITY = YES_AGGRESSIVE;
				CLANG_WARN_UNREACHABLE_CODE = YES;
				CLANG_WARN__DUPLICATE_METHOD_MATCH = YES;
				COPY_PHASE_STRIP = NO;
				DEBUG_INFORMATION_FORMAT = "dwarf-with-dsym";
				ENABLE_NS_ASSERTIONS = NO;
				ENABLE_STRICT_OBJC_MSGSEND = YES;
				GCC_C_LANGUAGE_STANDARD = gnu11;
				GCC_NO_COMMON_BLOCKS = YES;
				GCC_WARN_64_TO_32_BIT_CONVERSION = YES;
				GCC_WARN_ABOUT_RETURN_TYPE = YES_ERROR;
				GCC_WARN_UNDECLARED_SELECTOR = YES;
				GCC_WARN_UNINITIALIZED_AUTOS = YES_AGGRESSIVE;
				GCC_WARN_UNUSED_FUNCTION = YES;
				GCC_WARN_UNUSED_VARIABLE = YES;
				IPHONEOS_DEPLOYMENT_TARGET = 15.0;
				MTL_ENABLE_DEBUG_INFO = NO;
				MTL_FAST_MATH = YES;
				SDKROOT = iphoneos;
				SWIFT_COMPILATION_MODE = wholemodule;
				SWIFT_OPTIMIZATION_LEVEL = "-O";
				VALIDATE_PRODUCT = YES;
			};
			name = Release;
		};
		6AA235D627440CD900E931CF /* Debug */ = {
			isa = XCBuildConfiguration;
			buildSettings = {
				ASSETCATALOG_COMPILER_APPICON_NAME = AppIcon;
				ASSETCATALOG_COMPILER_GLOBAL_ACCENT_COLOR_NAME = AccentColor;
				CODE_SIGN_IDENTITY = "Apple Development";
				CODE_SIGN_STYLE = Automatic;
				CURRENT_PROJECT_VERSION = 1;
				DEVELOPMENT_ASSET_PATHS = "\"Bullet_V1/Preview Content\"";
				DEVELOPMENT_TEAM = 3DWPN6Q5Q9;
				ENABLE_PREVIEWS = YES;
				GENERATE_INFOPLIST_FILE = YES;
				INFOPLIST_KEY_UIApplicationSceneManifest_Generation = YES;
				INFOPLIST_KEY_UIApplicationSupportsIndirectInputEvents = YES;
				INFOPLIST_KEY_UILaunchScreen_Generation = YES;
				INFOPLIST_KEY_UISupportedInterfaceOrientations_iPad = "UIInterfaceOrientationPortrait UIInterfaceOrientationPortraitUpsideDown UIInterfaceOrientationLandscapeLeft UIInterfaceOrientationLandscapeRight";
				INFOPLIST_KEY_UISupportedInterfaceOrientations_iPhone = "UIInterfaceOrientationPortrait UIInterfaceOrientationLandscapeLeft UIInterfaceOrientationLandscapeRight";
				LD_RUNPATH_SEARCH_PATHS = (
					"$(inherited)",
					"@executable_path/Frameworks",
				);
				MARKETING_VERSION = 1.0;
				PRODUCT_BUNDLE_IDENTIFIER = "App-Bullet-V1.Bullet-V1";
				PRODUCT_NAME = "$(TARGET_NAME)";
				PROVISIONING_PROFILE_SPECIFIER = "";
				SWIFT_EMIT_LOC_STRINGS = YES;
				SWIFT_VERSION = 5.0;
				TARGETED_DEVICE_FAMILY = "1,2";
			};
			name = Debug;
		};
		6AA235D727440CD900E931CF /* Release */ = {
			isa = XCBuildConfiguration;
			buildSettings = {
				ASSETCATALOG_COMPILER_APPICON_NAME = AppIcon;
				ASSETCATALOG_COMPILER_GLOBAL_ACCENT_COLOR_NAME = AccentColor;
				CODE_SIGN_IDENTITY = "Apple Development";
				CODE_SIGN_STYLE = Automatic;
				CURRENT_PROJECT_VERSION = 1;
				DEVELOPMENT_ASSET_PATHS = "\"Bullet_V1/Preview Content\"";
				DEVELOPMENT_TEAM = 3DWPN6Q5Q9;
				ENABLE_PREVIEWS = YES;
				GENERATE_INFOPLIST_FILE = YES;
				INFOPLIST_KEY_UIApplicationSceneManifest_Generation = YES;
				INFOPLIST_KEY_UIApplicationSupportsIndirectInputEvents = YES;
				INFOPLIST_KEY_UILaunchScreen_Generation = YES;
				INFOPLIST_KEY_UISupportedInterfaceOrientations_iPad = "UIInterfaceOrientationPortrait UIInterfaceOrientationPortraitUpsideDown UIInterfaceOrientationLandscapeLeft UIInterfaceOrientationLandscapeRight";
				INFOPLIST_KEY_UISupportedInterfaceOrientations_iPhone = "UIInterfaceOrientationPortrait UIInterfaceOrientationLandscapeLeft UIInterfaceOrientationLandscapeRight";
				LD_RUNPATH_SEARCH_PATHS = (
					"$(inherited)",
					"@executable_path/Frameworks",
				);
				MARKETING_VERSION = 1.0;
				PRODUCT_BUNDLE_IDENTIFIER = "App-Bullet-V1.Bullet-V1";
				PRODUCT_NAME = "$(TARGET_NAME)";
				PROVISIONING_PROFILE_SPECIFIER = "";
				SWIFT_EMIT_LOC_STRINGS = YES;
				SWIFT_VERSION = 5.0;
				TARGETED_DEVICE_FAMILY = "1,2";
			};
			name = Release;
		};
		6AA235D927440CD900E931CF /* Debug */ = {
			isa = XCBuildConfiguration;
			buildSettings = {
				ALWAYS_EMBED_SWIFT_STANDARD_LIBRARIES = YES;
				BUNDLE_LOADER = "$(TEST_HOST)";
				CODE_SIGN_STYLE = Automatic;
				CURRENT_PROJECT_VERSION = 1;
				GENERATE_INFOPLIST_FILE = YES;
				IPHONEOS_DEPLOYMENT_TARGET = 15.0;
				LD_RUNPATH_SEARCH_PATHS = (
					"$(inherited)",
					"@executable_path/Frameworks",
					"@loader_path/Frameworks",
				);
				MARKETING_VERSION = 1.0;
				PRODUCT_BUNDLE_IDENTIFIER = "App-Bullet-V1.Bullet-V1Tests";
				PRODUCT_NAME = "$(TARGET_NAME)";
				SWIFT_EMIT_LOC_STRINGS = NO;
				SWIFT_VERSION = 5.0;
				TARGETED_DEVICE_FAMILY = "1,2";
				TEST_HOST = "$(BUILT_PRODUCTS_DIR)/Bullet_V1.app/Bullet_V1";
			};
			name = Debug;
		};
		6AA235DA27440CD900E931CF /* Release */ = {
			isa = XCBuildConfiguration;
			buildSettings = {
				ALWAYS_EMBED_SWIFT_STANDARD_LIBRARIES = YES;
				BUNDLE_LOADER = "$(TEST_HOST)";
				CODE_SIGN_STYLE = Automatic;
				CURRENT_PROJECT_VERSION = 1;
				GENERATE_INFOPLIST_FILE = YES;
				IPHONEOS_DEPLOYMENT_TARGET = 15.0;
				LD_RUNPATH_SEARCH_PATHS = (
					"$(inherited)",
					"@executable_path/Frameworks",
					"@loader_path/Frameworks",
				);
				MARKETING_VERSION = 1.0;
				PRODUCT_BUNDLE_IDENTIFIER = "App-Bullet-V1.Bullet-V1Tests";
				PRODUCT_NAME = "$(TARGET_NAME)";
				SWIFT_EMIT_LOC_STRINGS = NO;
				SWIFT_VERSION = 5.0;
				TARGETED_DEVICE_FAMILY = "1,2";
				TEST_HOST = "$(BUILT_PRODUCTS_DIR)/Bullet_V1.app/Bullet_V1";
			};
			name = Release;
		};
		6AA235DC27440CD900E931CF /* Debug */ = {
			isa = XCBuildConfiguration;
			buildSettings = {
				ALWAYS_EMBED_SWIFT_STANDARD_LIBRARIES = YES;
				CODE_SIGN_STYLE = Automatic;
				CURRENT_PROJECT_VERSION = 1;
				GENERATE_INFOPLIST_FILE = YES;
				LD_RUNPATH_SEARCH_PATHS = (
					"$(inherited)",
					"@executable_path/Frameworks",
					"@loader_path/Frameworks",
				);
				MARKETING_VERSION = 1.0;
				PRODUCT_BUNDLE_IDENTIFIER = "App-Bullet-V1.Bullet-V1UITests";
				PRODUCT_NAME = "$(TARGET_NAME)";
				SWIFT_EMIT_LOC_STRINGS = NO;
				SWIFT_VERSION = 5.0;
				TARGETED_DEVICE_FAMILY = "1,2";
				TEST_TARGET_NAME = Bullet_V1;
			};
			name = Debug;
		};
		6AA235DD27440CD900E931CF /* Release */ = {
			isa = XCBuildConfiguration;
			buildSettings = {
				ALWAYS_EMBED_SWIFT_STANDARD_LIBRARIES = YES;
				CODE_SIGN_STYLE = Automatic;
				CURRENT_PROJECT_VERSION = 1;
				GENERATE_INFOPLIST_FILE = YES;
				LD_RUNPATH_SEARCH_PATHS = (
					"$(inherited)",
					"@executable_path/Frameworks",
					"@loader_path/Frameworks",
				);
				MARKETING_VERSION = 1.0;
				PRODUCT_BUNDLE_IDENTIFIER = "App-Bullet-V1.Bullet-V1UITests";
				PRODUCT_NAME = "$(TARGET_NAME)";
				SWIFT_EMIT_LOC_STRINGS = NO;
				SWIFT_VERSION = 5.0;
				TARGETED_DEVICE_FAMILY = "1,2";
				TEST_TARGET_NAME = Bullet_V1;
			};
			name = Release;
		};
/* End XCBuildConfiguration section */

/* Begin XCConfigurationList section */
		6AA235AC27440CD800E931CF /* Build configuration list for PBXProject "Bullet_V1" */ = {
			isa = XCConfigurationList;
			buildConfigurations = (
				6AA235D327440CD900E931CF /* Debug */,
				6AA235D427440CD900E931CF /* Release */,
			);
			defaultConfigurationIsVisible = 0;
			defaultConfigurationName = Release;
		};
		6AA235D527440CD900E931CF /* Build configuration list for PBXNativeTarget "Bullet_V1" */ = {
			isa = XCConfigurationList;
			buildConfigurations = (
				6AA235D627440CD900E931CF /* Debug */,
				6AA235D727440CD900E931CF /* Release */,
			);
			defaultConfigurationIsVisible = 0;
			defaultConfigurationName = Release;
		};
		6AA235D827440CD900E931CF /* Build configuration list for PBXNativeTarget "Bullet_V1Tests" */ = {
			isa = XCConfigurationList;
			buildConfigurations = (
				6AA235D927440CD900E931CF /* Debug */,
				6AA235DA27440CD900E931CF /* Release */,
			);
			defaultConfigurationIsVisible = 0;
			defaultConfigurationName = Release;
		};
		6AA235DB27440CD900E931CF /* Build configuration list for PBXNativeTarget "Bullet_V1UITests" */ = {
			isa = XCConfigurationList;
			buildConfigurations = (
				6AA235DC27440CD900E931CF /* Debug */,
				6AA235DD27440CD900E931CF /* Release */,
			);
			defaultConfigurationIsVisible = 0;
			defaultConfigurationName = Release;
		};
/* End XCConfigurationList section */
	};
	rootObject = 6AA235A927440CD800E931CF /* Project object */;
}
